<?xml version="1.0" encoding="utf-8"?>
<Project ToolsVersion="4.0" xmlns="http://schemas.microsoft.com/developer/msbuild/2003">
  <ItemGroup>
    <Filter Include="Project">
      <UniqueIdentifier>{c7ec29cd-c733-42c4-b47c-54451ff4cb6b}</UniqueIdentifier>
    </Filter>
    <Filter Include="Project\Headers">
      <UniqueIdentifier>{59c2f6e7-014f-43f4-ab55-224e291b502a}</UniqueIdentifier>
    </Filter>
    <Filter Include="Project\Sources">
      <UniqueIdentifier>{106977bf-e1ba-4088-b46d-f6aef47eb9fa}</UniqueIdentifier>
    </Filter>
  </ItemGroup>
  <ItemGroup>
    <ClInclude Include="Common.h">
      <Filter>Project\Headers</Filter>
    </ClInclude>
    <ClInclude Include="StaticMembers.h">
      <Filter>Project\Headers</Filter>
    </ClInclude>
    <ClInclude Include="Controller.h">
      <Filter>Project\Headers</Filter>
    </ClInclude>
    <ClInclude Include="LuaObject.h">
      <Filter>Project\Headers</Filter>
    </ClInclude>
    <ClInclude Include="LuaInCPP.h">
      <Filter>Project\Headers</Filter>
    </ClInclude>
  </ItemGroup>
  <ItemGroup>
    <ClCompile Include="Enums.h">
      <Filter>Project\Headers</Filter>
    </ClCompile>
    <ClCompile Include="StaticMembers.cpp">
      <Filter>Project\Sources</Filter>
    </ClCompile>
    <ClCompile Include="Controller.cpp">
      <Filter>Project\Sources</Filter>
    </ClCompile>
    <ClCompile Include="LuaObject.cpp">
      <Filter>Project\Sources</Filter>
    </ClCompile>
  </ItemGroup>
</Project>